
Microsoft Visual Studio Solution File, Format Version 12.00
# Visual Studio Version 17
VisualStudioVersion = 17.4.33205.214
MinimumVisualStudioVersion = 10.0.40219.1
Project("{8BC9CEB8-8B4A-11D0-8D11-00A0C91BC942}") = "ShapesPolymorphic", "ShapesPolymorphic\ShapesPolymorphic.vcxproj", "{4EF87880-7B41-4BBF-BE92-68F55FE7FBB3}"
EndProject
Project("{8BC9CEB8-8B4A-11D0-8D11-00A0C91BC942}") = "BaseClassConstructorExample", "BaseClassConstructorExample\BaseClassConstructorExample.vcxproj", "{0280636F-23D4-4C4A-A2EF-679BC20ADE21}"
EndProject
Project("{8BC9CEB8-8B4A-11D0-8D11-00A0C91BC942}") = "StaticandDynamicCasting", "StaticandDynamicCasting\StaticandDynamicCasting.vcxproj", "{22446B68-560D-4D76-AF34-7C332CFBE856}"
EndProject
Global
	GlobalSection(SolutionConfigurationPlatforms) = preSolution
		Debug|x64 = Debug|x64
		Debug|x86 = Debug|x86
		Release|x64 = Release|x64
		Release|x86 = Release|x86
	EndGlobalSection
	GlobalSection(ProjectConfigurationPlatforms) = postSolution
		{4EF87880-7B41-4BBF-BE92-68F55FE7FBB3}.Debug|x64.ActiveCfg = Debug|x64
		{4EF87880-7B41-4BBF-BE92-68F55FE7FBB3}.Debug|x64.Build.0 = Debug|x64
		{4EF87880-7B41-4BBF-BE92-68F55FE7FBB3}.Debug|x86.ActiveCfg = Debug|Win32
		{4EF87880-7B41-4BBF-BE92-68F55FE7FBB3}.Debug|x86.Build.0 = Debug|Win32
		{4EF87880-7B41-4BBF-BE92-68F55FE7FBB3}.Release|x64.ActiveCfg = Release|x64
		{4EF87880-7B41-4BBF-BE92-68F55FE7FBB3}.Release|x64.Build.0 = Release|x64
		{4EF87880-7B41-4BBF-BE92-68F55FE7FBB3}.Release|x86.ActiveCfg = Release|Win32
		{4EF87880-7B41-4BBF-BE92-68F55FE7FBB3}.Release|x86.Build.0 = Release|Win32
		{0280636F-23D4-4C4A-A2EF-679BC20ADE21}.Debug|x64.ActiveCfg = Debug|x64
		{0280636F-23D4-4C4A-A2EF-679BC20ADE21}.Debug|x64.Build.0 = Debug|x64
		{0280636F-23D4-4C4A-A2EF-679BC20ADE21}.Debug|x86.ActiveCfg = Debug|Win32
		{0280636F-23D4-4C4A-A2EF-679BC20ADE21}.Debug|x86.Build.0 = Debug|Win32
		{0280636F-23D4-4C4A-A2EF-679BC20ADE21}.Release|x64.ActiveCfg = Release|x64
		{0280636F-23D4-4C4A-A2EF-679BC20ADE21}.Release|x64.Build.0 = Release|x64
		{0280636F-23D4-4C4A-A2EF-679BC20ADE21}.Release|x86.ActiveCfg = Release|Win32
		{0280636F-23D4-4C4A-A2EF-679BC20ADE21}.Release|x86.Build.0 = Release|Win32
		{22446B68-560D-4D76-AF34-7C332CFBE856}.Debug|x64.ActiveCfg = Debug|x64
		{22446B68-560D-4D76-AF34-7C332CFBE856}.Debug|x64.Build.0 = Debug|x64
		{22446B68-560D-4D76-AF34-7C332CFBE856}.Debug|x86.ActiveCfg = Debug|Win32
		{22446B68-560D-4D76-AF34-7C332CFBE856}.Debug|x86.Build.0 = Debug|Win32
		{22446B68-560D-4D76-AF34-7C332CFBE856}.Release|x64.ActiveCfg = Release|x64
		{22446B68-560D-4D76-AF34-7C332CFBE856}.Release|x64.Build.0 = Release|x64
		{22446B68-560D-4D76-AF34-7C332CFBE856}.Release|x86.ActiveCfg = Release|Win32
		{22446B68-560D-4D76-AF34-7C332CFBE856}.Release|x86.Build.0 = Release|Win32
	EndGlobalSection
	GlobalSection(SolutionProperties) = preSolution
		HideSolutionNode = FALSE
	EndGlobalSection
	GlobalSection(ExtensibilityGlobals) = postSolution
		SolutionGuid = {10A1CC17-AB09-4B3F-8CD0-ECA8C9B0EE52}
	EndGlobalSection
EndGlobal
